
Microsoft Visual Studio Solution File, Format Version 12.00
# Visual Studio Version 17
VisualStudioVersion = 17.1.32210.238
MinimumVisualStudioVersion = 10.0.40219.1
Project("{FAE04EC0-301F-11D3-BF4B-00C04F79EFBC}") = "snuc5", "snuc5\snuc5.csproj", "{57D03FBD-C1B6-4EE5-B5DC-CC5549CFFD93}"
EndProject
Global
	GlobalSection(SolutionConfigurationPlatforms) = preSolution
		Debug|Any CPU = Debug|Any CPU
		Release|Any CPU = Release|Any CPU
	EndGlobalSection
	GlobalSection(ProjectConfigurationPlatforms) = postSolution
		{57D03FBD-C1B6-4EE5-B5DC-CC5549CFFD93}.Debug|Any CPU.ActiveCfg = Debug|Any CPU
		{57D03FBD-C1B6-4EE5-B5DC-CC5549CFFD93}.Debug|Any CPU.Build.0 = Debug|Any CPU
		{57D03FBD-C1B6-4EE5-B5DC-CC5549CFFD93}.Release|Any CPU.ActiveCfg = Release|Any CPU
		{57D03FBD-C1B6-4EE5-B5DC-CC5549CFFD93}.Release|Any CPU.Build.0 = Release|Any CPU
	EndGlobalSection
	GlobalSection(SolutionProperties) = preSolution
		HideSolutionNode = FALSE
	EndGlobalSection
	GlobalSection(ExtensibilityGlobals) = postSolution
		SolutionGuid = {FB718A87-3248-472E-9383-660A59A8C348}
	EndGlobalSection
EndGlobal
